// !$*UTF8*$!
{
	archiveVersion = 1;
	classes = {
	};
	objectVersion = 48;
	objects = {

/* Begin PBXBuildFile section */
		7D32BD792017085300E6DC0F /* AppDelegate.swift in Sources */ = {isa = PBXBuildFile; fileRef = 7D32BD782017085300E6DC0F /* AppDelegate.swift */; };
		7D32BD7B2017085300E6DC0F /* ViewController.swift in Sources */ = {isa = PBXBuildFile; fileRef = 7D32BD7A2017085300E6DC0F /* ViewController.swift */; };
		7D32BD7E2017085300E6DC0F /* Main.storyboard in Resources */ = {isa = PBXBuildFile; fileRef = 7D32BD7C2017085300E6DC0F /* Main.storyboard */; };
		7D32BD812017085300E6DC0F /* CareemAssignment.xcdatamodeld in Sources */ = {isa = PBXBuildFile; fileRef = 7D32BD7F2017085300E6DC0F /* CareemAssignment.xcdatamodeld */; };
		7D32BD832017085300E6DC0F /* Assets.xcassets in Resources */ = {isa = PBXBuildFile; fileRef = 7D32BD822017085300E6DC0F /* Assets.xcassets */; };
		7D32BD862017085300E6DC0F /* LaunchScreen.storyboard in Resources */ = {isa = PBXBuildFile; fileRef = 7D32BD842017085300E6DC0F /* LaunchScreen.storyboard */; };
		7D32BD912017085300E6DC0F /* CareemAssignmentTests.swift in Sources */ = {isa = PBXBuildFile; fileRef = 7D32BD902017085300E6DC0F /* CareemAssignmentTests.swift */; };
/* End PBXBuildFile section */

/* Begin PBXContainerItemProxy section */
		7D32BD8D2017085300E6DC0F /* PBXContainerItemProxy */ = {
			isa = PBXContainerItemProxy;
			containerPortal = 7D32BD6D2017085300E6DC0F /* Project object */;
			proxyType = 1;
			remoteGlobalIDString = 7D32BD742017085300E6DC0F;
			remoteInfo = CareemAssignment;
		};
/* End PBXContainerItemProxy section */

/* Begin PBXFileReference section */
		7D32BD752017085300E6DC0F /* CareemAssignment.app */ = {isa = PBXFileReference; explicitFileType = wrapper.application; includeInIndex = 0; path = CareemAssignment.app; sourceTree = BUILT_PRODUCTS_DIR; };
		7D32BD782017085300E6DC0F /* AppDelegate.swift */ = {isa = PBXFileReference; lastKnownFileType = sourcecode.swift; path = AppDelegate.swift; sourceTree = "<group>"; };
		7D32BD7A2017085300E6DC0F /* ViewController.swift */ = {isa = PBXFileReference; lastKnownFileType = sourcecode.swift; path = ViewController.swift; sourceTree = "<group>"; };
		7D32BD7D2017085300E6DC0F /* Base */ = {isa = PBXFileReference; lastKnownFileType = file.storyboard; name = Base; path = Base.lproj/Main.storyboard; sourceTree = "<group>"; };
		7D32BD802017085300E6DC0F /* CareemAssignment.xcdatamodel */ = {isa = PBXFileReference; lastKnownFileType = wrapper.xcdatamodel; path = CareemAssignment.xcdatamodel; sourceTree = "<group>"; };
		7D32BD822017085300E6DC0F /* Assets.xcassets */ = {isa = PBXFileReference; lastKnownFileType = folder.assetcatalog; path = Assets.xcassets; sourceTree = "<group>"; };
		7D32BD852017085300E6DC0F /* Base */ = {isa = PBXFileReference; lastKnownFileType = file.storyboard; name = Base; path = Base.lproj/LaunchScreen.storyboard; sourceTree = "<group>"; };
		7D32BD872017085300E6DC0F /* Info.plist */ = {isa = PBXFileReference; lastKnownFileType = text.plist.xml; path = Info.plist; sourceTree = "<group>"; };
		7D32BD8C2017085300E6DC0F /* CareemAssignmentTests.xctest */ = {isa = PBXFileReference; explicitFileType = wrapper.cfbundle; includeInIndex = 0; path = CareemAssignmentTests.xctest; sourceTree = BUILT_PRODUCTS_DIR; };
		7D32BD902017085300E6DC0F /* CareemAssignmentTests.swift */ = {isa = PBXFileReference; lastKnownFileType = sourcecode.swift; path = CareemAssignmentTests.swift; sourceTree = "<group>"; };
		7D32BD922017085300E6DC0F /* Info.plist */ = {isa = PBXFileReference; lastKnownFileType = text.plist.xml; path = Info.plist; sourceTree = "<group>"; };
/* End PBXFileReference section */

/* Begin PBXFrameworksBuildPhase section */
		7D32BD722017085300E6DC0F /* Frameworks */ = {
			isa = PBXFrameworksBuildPhase;
			buildActionMask = 2147483647;
			files = (
			);
			runOnlyForDeploymentPostprocessing = 0;
		};
		7D32BD892017085300E6DC0F /* Frameworks */ = {
			isa = PBXFrameworksBuildPhase;
			buildActionMask = 2147483647;
			files = (
			);
			runOnlyForDeploymentPostprocessing = 0;
		};
/* End PBXFrameworksBuildPhase section */

/* Begin PBXGroup section */
		7D32BD6C2017085300E6DC0F = {
			isa = PBXGroup;
			children = (
				7D32BD772017085300E6DC0F /* CareemAssignment */,
				7D32BD8F2017085300E6DC0F /* CareemAssignmentTests */,
				7D32BD762017085300E6DC0F /* Products */,
			);
			sourceTree = "<group>";
		};
		7D32BD762017085300E6DC0F /* Products */ = {
			isa = PBXGroup;
			children = (
				7D32BD752017085300E6DC0F /* CareemAssignment.app */,
				7D32BD8C2017085300E6DC0F /* CareemAssignmentTests.xctest */,
			);
			name = Products;
			sourceTree = "<group>";
		};
		7D32BD772017085300E6DC0F /* CareemAssignment */ = {
			isa = PBXGroup;
			children = (
				7D32BD782017085300E6DC0F /* AppDelegate.swift */,
				7D32BD7A2017085300E6DC0F /* ViewController.swift */,
				7D32BD7C2017085300E6DC0F /* Main.storyboard */,
				7D32BD822017085300E6DC0F /* Assets.xcassets */,
				7D32BD842017085300E6DC0F /* LaunchScreen.storyboard */,
				7D32BD872017085300E6DC0F /* Info.plist */,
				7D32BD7F2017085300E6DC0F /* CareemAssignment.xcdatamodeld */,
			);
			path = CareemAssignment;
			sourceTree = "<group>";
		};
		7D32BD8F2017085300E6DC0F /* CareemAssignmentTests */ = {
			isa = PBXGroup;
			children = (
				7D32BD902017085300E6DC0F /* CareemAssignmentTests.swift */,
				7D32BD922017085300E6DC0F /* Info.plist */,
			);
			path = CareemAssignmentTests;
			sourceTree = "<group>";
		};
/* End PBXGroup section */

/* Begin PBXNativeTarget section */
		7D32BD742017085300E6DC0F /* CareemAssignment */ = {
			isa = PBXNativeTarget;
			buildConfigurationList = 7D32BD952017085300E6DC0F /* Build configuration list for PBXNativeTarget "CareemAssignment" */;
			buildPhases = (
				7D32BD712017085300E6DC0F /* Sources */,
				7D32BD722017085300E6DC0F /* Frameworks */,
				7D32BD732017085300E6DC0F /* Resources */,
			);
			buildRules = (
			);
			dependencies = (
			);
			name = CareemAssignment;
			productName = CareemAssignment;
			productReference = 7D32BD752017085300E6DC0F /* CareemAssignment.app */;
			productType = "com.apple.product-type.application";
		};
		7D32BD8B2017085300E6DC0F /* CareemAssignmentTests */ = {
			isa = PBXNativeTarget;
			buildConfigurationList = 7D32BD982017085300E6DC0F /* Build configuration list for PBXNativeTarget "CareemAssignmentTests" */;
			buildPhases = (
				7D32BD882017085300E6DC0F /* Sources */,
				7D32BD892017085300E6DC0F /* Frameworks */,
				7D32BD8A2017085300E6DC0F /* Resources */,
			);
			buildRules = (
			);
			dependencies = (
				7D32BD8E2017085300E6DC0F /* PBXTargetDependency */,
			);
			name = CareemAssignmentTests;
			productName = CareemAssignmentTests;
			productReference = 7D32BD8C2017085300E6DC0F /* CareemAssignmentTests.xctest */;
			productType = "com.apple.product-type.bundle.unit-test";
		};
/* End PBXNativeTarget section */

/* Begin PBXProject section */
		7D32BD6D2017085300E6DC0F /* Project object */ = {
			isa = PBXProject;
			attributes = {
				LastSwiftUpdateCheck = 0920;
				LastUpgradeCheck = 0920;
				ORGANIZATIONNAME = "Muhammad Tayyab Akram";
				TargetAttributes = {
					7D32BD742017085300E6DC0F = {
						CreatedOnToolsVersion = 9.2;
						ProvisioningStyle = Automatic;
					};
					7D32BD8B2017085300E6DC0F = {
						CreatedOnToolsVersion = 9.2;
						ProvisioningStyle = Automatic;
						TestTargetID = 7D32BD742017085300E6DC0F;
					};
				};
			};
			buildConfigurationList = 7D32BD702017085300E6DC0F /* Build configuration list for PBXProject "CareemAssignment" */;
			compatibilityVersion = "Xcode 8.0";
			developmentRegion = en;
			hasScannedForEncodings = 0;
			knownRegions = (
				en,
				Base,
			);
			mainGroup = 7D32BD6C2017085300E6DC0F;
			productRefGroup = 7D32BD762017085300E6DC0F /* Products */;
			projectDirPath = "";
			projectRoot = "";
			targets = (
				7D32BD742017085300E6DC0F /* CareemAssignment */,
				7D32BD8B2017085300E6DC0F /* CareemAssignmentTests */,
			);
		};
/* End PBXProject section */

/* Begin PBXResourcesBuildPhase section */
		7D32BD732017085300E6DC0F /* Resources */ = {
			isa = PBXResourcesBuildPhase;
			buildActionMask = 2147483647;
			files = (
				7D32BD862017085300E6DC0F /* LaunchScreen.storyboard in Resources */,
				7D32BD832017085300E6DC0F /* Assets.xcassets in Resources */,
				7D32BD7E2017085300E6DC0F /* Main.storyboard in Resources */,
			);
			runOnlyForDeploymentPostprocessing = 0;
		};
		7D32BD8A2017085300E6DC0F /* Resources */ = {
			isa = PBXResourcesBuildPhase;
			buildActionMask = 2147483647;
			files = (
			);
			runOnlyForDeploymentPostprocessing = 0;
		};
/* End PBXResourcesBuildPhase section */

/* Begin PBXSourcesBuildPhase section */
		7D32BD712017085300E6DC0F /* Sources */ = {
			isa = PBXSourcesBuildPhase;
			buildActionMask = 2147483647;
			files = (
				7D32BD7B2017085300E6DC0F /* ViewController.swift in Sources */,
				7D32BD812017085300E6DC0F /* CareemAssignment.xcdatamodeld in Sources */,
				7D32BD792017085300E6DC0F /* AppDelegate.swift in Sources */,
			);
			runOnlyForDeploymentPostprocessing = 0;
		};
		7D32BD882017085300E6DC0F /* Sources */ = {
			isa = PBXSourcesBuildPhase;
			buildActionMask = 2147483647;
			files = (
				7D32BD912017085300E6DC0F /* CareemAssignmentTests.swift in Sources */,
			);
			runOnlyForDeploymentPostprocessing = 0;
		};
/* End PBXSourcesBuildPhase section */

/* Begin PBXTargetDependency section */
		7D32BD8E2017085300E6DC0F /* PBXTargetDependency */ = {
			isa = PBXTargetDependency;
			target = 7D32BD742017085300E6DC0F /* CareemAssignment */;
			targetProxy = 7D32BD8D2017085300E6DC0F /* PBXContainerItemProxy */;
		};
/* End PBXTargetDependency section */

/* Begin PBXVariantGroup section */
		7D32BD7C2017085300E6DC0F /* Main.storyboard */ = {
			isa = PBXVariantGroup;
			children = (
				7D32BD7D2017085300E6DC0F /* Base */,
			);
			name = Main.storyboard;
			sourceTree = "<group>";
		};
		7D32BD842017085300E6DC0F /* LaunchScreen.storyboard */ = {
			isa = PBXVariantGroup;
			children = (
				7D32BD852017085300E6DC0F /* Base */,
			);
			name = LaunchScreen.storyboard;
			sourceTree = "<group>";
		};
/* End PBXVariantGroup section */

/* Begin XCBuildConfiguration section */
		7D32BD932017085300E6DC0F /* Debug */ = {
			isa = XCBuildConfiguration;
			buildSettings = {
				ALWAYS_SEARCH_USER_PATHS = NO;
				CLANG_ANALYZER_NONNULL = YES;
				CLANG_ANALYZER_NUMBER_OBJECT_CONVERSION = YES_AGGRESSIVE;
				CLANG_CXX_LANGUAGE_STANDARD = "gnu++14";
				CLANG_CXX_LIBRARY = "libc++";
				CLANG_ENABLE_MODULES = YES;
				CLANG_ENABLE_OBJC_ARC = YES;
				CLANG_WARN_BLOCK_CAPTURE_AUTORELEASING = YES;
				CLANG_WARN_BOOL_CONVERSION = YES;
				CLANG_WARN_COMMA = YES;
				CLANG_WARN_CONSTANT_CONVERSION = YES;
				CLANG_WARN_DIRECT_OBJC_ISA_USAGE = YES_ERROR;
				CLANG_WARN_DOCUMENTATION_COMMENTS = YES;
				CLANG_WARN_EMPTY_BODY = YES;
				CLANG_WARN_ENUM_CONVERSION = YES;
				CLANG_WARN_INFINITE_RECURSION = YES;
				CLANG_WARN_INT_CONVERSION = YES;
				CLANG_WARN_NON_LITERAL_NULL_CONVERSION = YES;
				CLANG_WARN_OBJC_LITERAL_CONVERSION = YES;
				CLANG_WARN_OBJC_ROOT_CLASS = YES_ERROR;
				CLANG_WARN_RANGE_LOOP_ANALYSIS = YES;
				CLANG_WARN_STRICT_PROTOTYPES = YES;
				CLANG_WARN_SUSPICIOUS_MOVE = YES;
				CLANG_WARN_UNGUARDED_AVAILABILITY = YES_AGGRESSIVE;
				CLANG_WARN_UNREACHABLE_CODE = YES;
				CLANG_WARN__DUPLICATE_METHOD_MATCH = YES;
				CODE_SIGN_IDENTITY = "iPhone Developer";
				COPY_PHASE_STRIP = NO;
				DEBUG_INFORMATION_FORMAT = dwarf;
				ENABLE_STRICT_OBJC_MSGSEND = YES;
				ENABLE_TESTABILITY = YES;
				GCC_C_LANGUAGE_STANDARD = gnu11;
				GCC_DYNAMIC_NO_PIC = NO;
				GCC_NO_COMMON_BLOCKS = YES;
				GCC_OPTIMIZATION_LEVEL = 0;
				GCC_PREPROCESSOR_DEFINITIONS = (
					"DEBUG=1",
					"$(inherited)",
				);
				GCC_WARN_64_TO_32_BIT_CONVERSION = YES;
				GCC_WARN_ABOUT_RETURN_TYPE = YES_ERROR;
				GCC_WARN_UNDECLARED_SELECTOR = YES;
				GCC_WARN_UNINITIALIZED_AUTOS = YES_AGGRESSIVE;
				GCC_WARN_UNUSED_FUNCTION = YES;
				GCC_WARN_UNUSED_VARIABLE = YES;
				IPHONEOS_DEPLOYMENT_TARGET = 11.2;
				MTL_ENABLE_DEBUG_INFO = YES;
				ONLY_ACTIVE_ARCH = YES;
				SDKROOT = iphoneos;
				SWIFT_ACTIVE_COMPILATION_CONDITIONS = DEBUG;
				SWIFT_OPTIMIZATION_LEVEL = "-Onone";
			};
			name = Debug;
		};
		7D32BD942017085300E6DC0F /* Release */ = {
			isa = XCBuildConfiguration;
			buildSettings = {
				ALWAYS_SEARCH_USER_PATHS = NO;
				CLANG_ANALYZER_NONNULL = YES;
				CLANG_ANALYZER_NUMBER_OBJECT_CONVERSION = YES_AGGRESSIVE;
				CLANG_CXX_LANGUAGE_STANDARD = "gnu++14";
				CLANG_CXX_LIBRARY = "libc++";
				CLANG_ENABLE_MODULES = YES;
				CLANG_ENABLE_OBJC_ARC = YES;
				CLANG_WARN_BLOCK_CAPTURE_AUTORELEASING = YES;
				CLANG_WARN_BOOL_CONVERSION = YES;
				CLANG_WARN_COMMA = YES;
				CLANG_WARN_CONSTANT_CONVERSION = YES;
				CLANG_WARN_DIRECT_OBJC_ISA_USAGE = YES_ERROR;
				CLANG_WARN_DOCUMENTATION_COMMENTS = YES;
				CLANG_WARN_EMPTY_BODY = YES;
				CLANG_WARN_ENUM_CONVERSION = YES;
				CLANG_WARN_INFINITE_RECURSION = YES;
				CLANG_WARN_INT_CONVERSION = YES;
				CLANG_WARN_NON_LITERAL_NULL_CONVERSION = YES;
				CLANG_WARN_OBJC_LITERAL_CONVERSION = YES;
				CLANG_WARN_OBJC_ROOT_CLASS = YES_ERROR;
				CLANG_WARN_RANGE_LOOP_ANALYSIS = YES;
				CLANG_WARN_STRICT_PROTOTYPES = YES;
				CLANG_WARN_SUSPICIOUS_MOVE = YES;
				CLANG_WARN_UNGUARDED_AVAILABILITY = YES_AGGRESSIVE;
				CLANG_WARN_UNREACHABLE_CODE = YES;
				CLANG_WARN__DUPLICATE_METHOD_MATCH = YES;
				CODE_SIGN_IDENTITY = "iPhone Developer";
				COPY_PHASE_STRIP = NO;
				DEBUG_INFORMATION_FORMAT = "dwarf-with-dsym";
				ENABLE_NS_ASSERTIONS = NO;
				ENABLE_STRICT_OBJC_MSGSEND = YES;
				GCC_C_LANGUAGE_STANDARD = gnu11;
				GCC_NO_COMMON_BLOCKS = YES;
				GCC_WARN_64_TO_32_BIT_CONVERSION = YES;
				GCC_WARN_ABOUT_RETURN_TYPE = YES_ERROR;
				GCC_WARN_UNDECLARED_SELECTOR = YES;
				GCC_WARN_UNINITIALIZED_AUTOS = YES_AGGRESSIVE;
				GCC_WARN_UNUSED_FUNCTION = YES;
				GCC_WARN_UNUSED_VARIABLE = YES;
				IPHONEOS_DEPLOYMENT_TARGET = 11.2;
				MTL_ENABLE_DEBUG_INFO = NO;
				SDKROOT = iphoneos;
				SWIFT_OPTIMIZATION_LEVEL = "-Owholemodule";
				VALIDATE_PRODUCT = YES;
			};
			name = Release;
		};
		7D32BD962017085300E6DC0F /* Debug */ = {
			isa = XCBuildConfiguration;
			buildSettings = {
				ASSETCATALOG_COMPILER_APPICON_NAME = AppIcon;
				CODE_SIGN_STYLE = Automatic;
				INFOPLIST_FILE = CareemAssignment/Info.plist;
				LD_RUNPATH_SEARCH_PATHS = "$(inherited) @executable_path/Frameworks";
				PRODUCT_BUNDLE_IDENTIFIER = com.vend.CareemAssignment;
				PRODUCT_NAME = "$(TARGET_NAME)";
				SWIFT_VERSION = 4.0;
				TARGETED_DEVICE_FAMILY = "1,2";
			};
			name = Debug;
		};
		7D32BD972017085300E6DC0F /* Release */ = {
			isa = XCBuildConfiguration;
			buildSettings = {
				ASSETCATALOG_COMPILER_APPICON_NAME = AppIcon;
				CODE_SIGN_STYLE = Automatic;
				INFOPLIST_FILE = CareemAssignment/Info.plist;
				LD_RUNPATH_SEARCH_PATHS = "$(inherited) @executable_path/Frameworks";
				PRODUCT_BUNDLE_IDENTIFIER = com.vend.CareemAssignment;
				PRODUCT_NAME = "$(TARGET_NAME)";
				SWIFT_VERSION = 4.0;
				TARGETED_DEVICE_FAMILY = "1,2";
			};
			name = Release;
		};
		7D32BD992017085300E6DC0F /* Debug */ = {
			isa = XCBuildConfiguration;
			buildSettings = {
				ALWAYS_EMBED_SWIFT_STANDARD_LIBRARIES = YES;
				BUNDLE_LOADER = "$(TEST_HOST)";
				CODE_SIGN_STYLE = Automatic;
				INFOPLIST_FILE = CareemAssignmentTests/Info.plist;
				LD_RUNPATH_SEARCH_PATHS = "$(inherited) @executable_path/Frameworks @loader_path/Frameworks";
				PRODUCT_BUNDLE_IDENTIFIER = com.vend.CareemAssignmentTests;
				PRODUCT_NAME = "$(TARGET_NAME)";
				SWIFT_VERSION = 4.0;
				TARGETED_DEVICE_FAMILY = "1,2";
				TEST_HOST = "$(BUILT_PRODUCTS_DIR)/CareemAssignment.app/CareemAssignment";
			};
			name = Debug;
		};
		7D32BD9A2017085300E6DC0F /* Release */ = {
			isa = XCBuildConfiguration;
			buildSettings = {
				ALWAYS_EMBED_SWIFT_STANDARD_LIBRARIES = YES;
				BUNDLE_LOADER = "$(TEST_HOST)";
				CODE_SIGN_STYLE = Automatic;
				INFOPLIST_FILE = CareemAssignmentTests/Info.plist;
				LD_RUNPATH_SEARCH_PATHS = "$(inherited) @executable_path/Frameworks @loader_path/Frameworks";
				PRODUCT_BUNDLE_IDENTIFIER = com.vend.CareemAssignmentTests;
				PRODUCT_NAME = "$(TARGET_NAME)";
				SWIFT_VERSION = 4.0;
				TARGETED_DEVICE_FAMILY = "1,2";
				TEST_HOST = "$(BUILT_PRODUCTS_DIR)/CareemAssignment.app/CareemAssignment";
			};
			name = Release;
		};
/* End XCBuildConfiguration section */

/* Begin XCConfigurationList section */
		7D32BD702017085300E6DC0F /* Build configuration list for PBXProject "CareemAssignment" */ = {
			isa = XCConfigurationList;
			buildConfigurations = (
				7D32BD932017085300E6DC0F /* Debug */,
				7D32BD942017085300E6DC0F /* Release */,
			);
			defaultConfigurationIsVisible = 0;
			defaultConfigurationName = Release;
		};
		7D32BD952017085300E6DC0F /* Build configuration list for PBXNativeTarget "CareemAssignment" */ = {
			isa = XCConfigurationList;
			buildConfigurations = (
				7D32BD962017085300E6DC0F /* Debug */,
				7D32BD972017085300E6DC0F /* Release */,
			);
			defaultConfigurationIsVisible = 0;
			defaultConfigurationName = Release;
		};
		7D32BD982017085300E6DC0F /* Build configuration list for PBXNativeTarget "CareemAssignmentTests" */ = {
			isa = XCConfigurationList;
			buildConfigurations = (
				7D32BD992017085300E6DC0F /* Debug */,
				7D32BD9A2017085300E6DC0F /* Release */,
			);
			defaultConfigurationIsVisible = 0;
			defaultConfigurationName = Release;
		};
/* End XCConfigurationList section */

/* Begin XCVersionGroup section */
		7D32BD7F2017085300E6DC0F /* CareemAssignment.xcdatamodeld */ = {
			isa = XCVersionGroup;
			children = (
				7D32BD802017085300E6DC0F /* CareemAssignment.xcdatamodel */,
			);
			currentVersion = 7D32BD802017085300E6DC0F /* CareemAssignment.xcdatamodel */;
			path = CareemAssignment.xcdatamodeld;
			sourceTree = "<group>";
			versionGroupType = wrapper.xcdatamodel;
		};
/* End XCVersionGroup section */
	};
	rootObject = 7D32BD6D2017085300E6DC0F /* Project object */;
}
