// !$*UTF8*$!
{
	archiveVersion = 1;
	classes = {
	};
	objectVersion = 48;
	objects = {

/* Begin PBXBuildFile section */
		7D2D0A46202036BB0087A838 /* APIConfiguration.swift in Sources */ = {isa = PBXBuildFile; fileRef = 7D2D0A45202036BB0087A838 /* APIConfiguration.swift */; };
		7D2D0A4820203C100087A838 /* ImageManager.swift in Sources */ = {isa = PBXBuildFile; fileRef = 7D2D0A4720203C100087A838 /* ImageManager.swift */; };
		7D2D0A4C202043D20087A838 /* StubAPIClient.swift in Sources */ = {isa = PBXBuildFile; fileRef = 7D2D0A4B202043D20087A838 /* StubAPIClient.swift */; };
		7D2D0A502020444F0087A838 /* APIConfiguration+Testing.swift in Sources */ = {isa = PBXBuildFile; fileRef = 7D2D0A4F2020444F0087A838 /* APIConfiguration+Testing.swift */; };
		7D2D0A522020485B0087A838 /* WebResponse+Testing.swift in Sources */ = {isa = PBXBuildFile; fileRef = 7D2D0A512020485B0087A838 /* WebResponse+Testing.swift */; };
		7D2D0A5720205E9C0087A838 /* ParsableURLSesssionAPIClient.swift in Sources */ = {isa = PBXBuildFile; fileRef = 7D2D0A5620205E9C0087A838 /* ParsableURLSesssionAPIClient.swift */; };
		7D2D0A59202072A50087A838 /* SearchRequestTests.swift in Sources */ = {isa = PBXBuildFile; fileRef = 7D2D0A58202072A50087A838 /* SearchRequestTests.swift */; };
		7D2D0A5B2020741F0087A838 /* WebRequest+Testing.swift in Sources */ = {isa = PBXBuildFile; fileRef = 7D2D0A5A2020741F0087A838 /* WebRequest+Testing.swift */; };
		7D2DD3D82019C92100A23F40 /* EventObservable.swift in Sources */ = {isa = PBXBuildFile; fileRef = 7D2DD3D72019C92100A23F40 /* EventObservable.swift */; };
		7D2DD3DA2019E1CB00A23F40 /* InMemoryCoreDataStack.swift in Sources */ = {isa = PBXBuildFile; fileRef = 7D2DD3D92019E1CB00A23F40 /* InMemoryCoreDataStack.swift */; };
		7D2DD3DC2019E33900A23F40 /* CoreDataSuggestionRepositoryTests.swift in Sources */ = {isa = PBXBuildFile; fileRef = 7D2DD3DB2019E33900A23F40 /* CoreDataSuggestionRepositoryTests.swift */; };
		7D2DD3DF2019F21900A23F40 /* Suggestion+Testing.swift in Sources */ = {isa = PBXBuildFile; fileRef = 7D2DD3DE2019F21900A23F40 /* Suggestion+Testing.swift */; };
		7D2DD474201A1BE500A23F40 /* Movie+Testing.swift in Sources */ = {isa = PBXBuildFile; fileRef = 7D2DD473201A1BE500A23F40 /* Movie+Testing.swift */; };
		7D2DD476201A1E3900A23F40 /* SearchResponse+Testing.swift in Sources */ = {isa = PBXBuildFile; fileRef = 7D2DD475201A1E3900A23F40 /* SearchResponse+Testing.swift */; };
		7D32BD792017085300E6DC0F /* AppDelegate.swift in Sources */ = {isa = PBXBuildFile; fileRef = 7D32BD782017085300E6DC0F /* AppDelegate.swift */; };
		7D32BD7B2017085300E6DC0F /* SearchMoviesViewController.swift in Sources */ = {isa = PBXBuildFile; fileRef = 7D32BD7A2017085300E6DC0F /* SearchMoviesViewController.swift */; };
		7D32BD7E2017085300E6DC0F /* SearchMoviesViewController.storyboard in Resources */ = {isa = PBXBuildFile; fileRef = 7D32BD7C2017085300E6DC0F /* SearchMoviesViewController.storyboard */; };
		7D32BD832017085300E6DC0F /* Assets.xcassets in Resources */ = {isa = PBXBuildFile; fileRef = 7D32BD822017085300E6DC0F /* Assets.xcassets */; };
		7D32BD862017085300E6DC0F /* LaunchScreen.storyboard in Resources */ = {isa = PBXBuildFile; fileRef = 7D32BD842017085300E6DC0F /* LaunchScreen.storyboard */; };
		7D32BD9D201722B300E6DC0F /* Movie.swift in Sources */ = {isa = PBXBuildFile; fileRef = 7D32BD9C201722B300E6DC0F /* Movie.swift */; };
		7D32BDA7201727FC00E6DC0F /* SDWebImage.framework in Frameworks */ = {isa = PBXBuildFile; fileRef = 7D32BDA6201727FC00E6DC0F /* SDWebImage.framework */; };
		7D32BDA92017280000E6DC0F /* UIScrollView_InfiniteScroll.framework in Frameworks */ = {isa = PBXBuildFile; fileRef = 7D32BDA82017280000E6DC0F /* UIScrollView_InfiniteScroll.framework */; };
		7D32BDB62017472D00E6DC0F /* SearchResponse.swift in Sources */ = {isa = PBXBuildFile; fileRef = 7D32BDB52017472D00E6DC0F /* SearchResponse.swift */; };
		7D32BDB820174B9900E6DC0F /* SearchMoviesViewModel.swift in Sources */ = {isa = PBXBuildFile; fileRef = 7D32BDB720174B9900E6DC0F /* SearchMoviesViewModel.swift */; };
		7D32BDBB20174D9700E6DC0F /* MovieResultCell.swift in Sources */ = {isa = PBXBuildFile; fileRef = 7D32BDBA20174D9700E6DC0F /* MovieResultCell.swift */; };
		7D32BDBD20174E2800E6DC0F /* MovieResultViewModel.swift in Sources */ = {isa = PBXBuildFile; fileRef = 7D32BDBC20174E2800E6DC0F /* MovieResultViewModel.swift */; };
		7D3566BA201F00810083F637 /* APIClient.swift in Sources */ = {isa = PBXBuildFile; fileRef = 7D3566B9201F00810083F637 /* APIClient.swift */; };
		7D3566BC201F01100083F637 /* URLSessionAPIClient.swift in Sources */ = {isa = PBXBuildFile; fileRef = 7D3566BB201F01100083F637 /* URLSessionAPIClient.swift */; };
		7D3566BE201F0DC90083F637 /* URL+Query.swift in Sources */ = {isa = PBXBuildFile; fileRef = 7D3566BD201F0DC90083F637 /* URL+Query.swift */; };
		7D3566C0201F30CD0083F637 /* Constants.swift in Sources */ = {isa = PBXBuildFile; fileRef = 7D3566BF201F30CD0083F637 /* Constants.swift */; };
		7D3566C5201F3B360083F637 /* DateFormatter+Formats.swift in Sources */ = {isa = PBXBuildFile; fileRef = 7D3566C4201F3B360083F637 /* DateFormatter+Formats.swift */; };
		7D3566C7201F59B30083F637 /* SearchRequest.swift in Sources */ = {isa = PBXBuildFile; fileRef = 7D3566C6201F59B30083F637 /* SearchRequest.swift */; };
		7D389EB3201889540031AF30 /* UIViewController+Alerts.swift in Sources */ = {isa = PBXBuildFile; fileRef = 7D389EB2201889540031AF30 /* UIViewController+Alerts.swift */; };
		7D389EBA201897A40031AF30 /* CoreDataSuggestionRepository.swift in Sources */ = {isa = PBXBuildFile; fileRef = 7D389EB9201897A40031AF30 /* CoreDataSuggestionRepository.swift */; };
		7D389EBC201899590031AF30 /* CoreDataStack.swift in Sources */ = {isa = PBXBuildFile; fileRef = 7D389EBB201899590031AF30 /* CoreDataStack.swift */; };
		7D389EBF2018AB920031AF30 /* PersistenceModel.xcdatamodeld in Sources */ = {isa = PBXBuildFile; fileRef = 7D389EBD2018AB920031AF30 /* PersistenceModel.xcdatamodeld */; };
		7D389ECA2018AC9F0031AF30 /* SuggestionEntity+CoreDataClass.swift in Sources */ = {isa = PBXBuildFile; fileRef = 7D389EC82018AC9F0031AF30 /* SuggestionEntity+CoreDataClass.swift */; };
		7D389ECB2018AC9F0031AF30 /* SuggestionEntity+CoreDataProperties.swift in Sources */ = {isa = PBXBuildFile; fileRef = 7D389EC92018AC9F0031AF30 /* SuggestionEntity+CoreDataProperties.swift */; };
		7D389ED12018ADF20031AF30 /* Suggestion.swift in Sources */ = {isa = PBXBuildFile; fileRef = 7D389ED02018ADF20031AF30 /* Suggestion.swift */; };
		7D389ED92018BB350031AF30 /* NSObject+ClassName.swift in Sources */ = {isa = PBXBuildFile; fileRef = 7D389ED82018BB350031AF30 /* NSObject+ClassName.swift */; };
		7D389EDB2018BC290031AF30 /* SuggestionRepository.swift in Sources */ = {isa = PBXBuildFile; fileRef = 7D389EDA2018BC290031AF30 /* SuggestionRepository.swift */; };
		7D5D2256201B0E350022DFC4 /* StubSuggestionRepository.swift in Sources */ = {isa = PBXBuildFile; fileRef = 7D5D2255201B0E350022DFC4 /* StubSuggestionRepository.swift */; };
		7D5D225B201B10530022DFC4 /* SearchMoviesViewModelTests.swift in Sources */ = {isa = PBXBuildFile; fileRef = 7D5D225A201B10530022DFC4 /* SearchMoviesViewModelTests.swift */; };
		7D5D225D201B19AF0022DFC4 /* NSError+Testing.swift in Sources */ = {isa = PBXBuildFile; fileRef = 7D5D225C201B19AF0022DFC4 /* NSError+Testing.swift */; };
/* End PBXBuildFile section */

/* Begin PBXContainerItemProxy section */
		7D32BD8D2017085300E6DC0F /* PBXContainerItemProxy */ = {
			isa = PBXContainerItemProxy;
			containerPortal = 7D32BD6D2017085300E6DC0F /* Project object */;
			proxyType = 1;
			remoteGlobalIDString = 7D32BD742017085300E6DC0F;
			remoteInfo = CareemAssignment;
		};
/* End PBXContainerItemProxy section */

/* Begin PBXFileReference section */
		7D2D0A45202036BB0087A838 /* APIConfiguration.swift */ = {isa = PBXFileReference; lastKnownFileType = sourcecode.swift; path = APIConfiguration.swift; sourceTree = "<group>"; };
		7D2D0A4720203C100087A838 /* ImageManager.swift */ = {isa = PBXFileReference; lastKnownFileType = sourcecode.swift; path = ImageManager.swift; sourceTree = "<group>"; };
		7D2D0A4B202043D20087A838 /* StubAPIClient.swift */ = {isa = PBXFileReference; lastKnownFileType = sourcecode.swift; path = StubAPIClient.swift; sourceTree = "<group>"; };
		7D2D0A4F2020444F0087A838 /* APIConfiguration+Testing.swift */ = {isa = PBXFileReference; lastKnownFileType = sourcecode.swift; path = "APIConfiguration+Testing.swift"; sourceTree = "<group>"; };
		7D2D0A512020485B0087A838 /* WebResponse+Testing.swift */ = {isa = PBXFileReference; lastKnownFileType = sourcecode.swift; path = "WebResponse+Testing.swift"; sourceTree = "<group>"; };
		7D2D0A5620205E9C0087A838 /* ParsableURLSesssionAPIClient.swift */ = {isa = PBXFileReference; lastKnownFileType = sourcecode.swift; path = ParsableURLSesssionAPIClient.swift; sourceTree = "<group>"; };
		7D2D0A58202072A50087A838 /* SearchRequestTests.swift */ = {isa = PBXFileReference; fileEncoding = 4; lastKnownFileType = sourcecode.swift; path = SearchRequestTests.swift; sourceTree = "<group>"; };
		7D2D0A5A2020741F0087A838 /* WebRequest+Testing.swift */ = {isa = PBXFileReference; lastKnownFileType = sourcecode.swift; path = "WebRequest+Testing.swift"; sourceTree = "<group>"; };
		7D2DD3D72019C92100A23F40 /* EventObservable.swift */ = {isa = PBXFileReference; lastKnownFileType = sourcecode.swift; path = EventObservable.swift; sourceTree = "<group>"; };
		7D2DD3D92019E1CB00A23F40 /* InMemoryCoreDataStack.swift */ = {isa = PBXFileReference; lastKnownFileType = sourcecode.swift; path = InMemoryCoreDataStack.swift; sourceTree = "<group>"; };
		7D2DD3DB2019E33900A23F40 /* CoreDataSuggestionRepositoryTests.swift */ = {isa = PBXFileReference; lastKnownFileType = sourcecode.swift; path = CoreDataSuggestionRepositoryTests.swift; sourceTree = "<group>"; };
		7D2DD3DE2019F21900A23F40 /* Suggestion+Testing.swift */ = {isa = PBXFileReference; lastKnownFileType = sourcecode.swift; path = "Suggestion+Testing.swift"; sourceTree = "<group>"; };
		7D2DD473201A1BE500A23F40 /* Movie+Testing.swift */ = {isa = PBXFileReference; lastKnownFileType = sourcecode.swift; path = "Movie+Testing.swift"; sourceTree = "<group>"; };
		7D2DD475201A1E3900A23F40 /* SearchResponse+Testing.swift */ = {isa = PBXFileReference; lastKnownFileType = sourcecode.swift; path = "SearchResponse+Testing.swift"; sourceTree = "<group>"; };
		7D32BD752017085300E6DC0F /* CareemAssignment.app */ = {isa = PBXFileReference; explicitFileType = wrapper.application; includeInIndex = 0; path = CareemAssignment.app; sourceTree = BUILT_PRODUCTS_DIR; };
		7D32BD782017085300E6DC0F /* AppDelegate.swift */ = {isa = PBXFileReference; lastKnownFileType = sourcecode.swift; path = AppDelegate.swift; sourceTree = "<group>"; };
		7D32BD7A2017085300E6DC0F /* SearchMoviesViewController.swift */ = {isa = PBXFileReference; lastKnownFileType = sourcecode.swift; path = SearchMoviesViewController.swift; sourceTree = "<group>"; };
		7D32BD7D2017085300E6DC0F /* Base */ = {isa = PBXFileReference; lastKnownFileType = file.storyboard; name = Base; path = Base.lproj/SearchMoviesViewController.storyboard; sourceTree = "<group>"; };
		7D32BD822017085300E6DC0F /* Assets.xcassets */ = {isa = PBXFileReference; lastKnownFileType = folder.assetcatalog; path = Assets.xcassets; sourceTree = "<group>"; };
		7D32BD852017085300E6DC0F /* Base */ = {isa = PBXFileReference; lastKnownFileType = file.storyboard; name = Base; path = Base.lproj/LaunchScreen.storyboard; sourceTree = "<group>"; };
		7D32BD872017085300E6DC0F /* Info.plist */ = {isa = PBXFileReference; lastKnownFileType = text.plist.xml; path = Info.plist; sourceTree = "<group>"; };
		7D32BD8C2017085300E6DC0F /* CareemAssignmentTests.xctest */ = {isa = PBXFileReference; explicitFileType = wrapper.cfbundle; includeInIndex = 0; path = CareemAssignmentTests.xctest; sourceTree = BUILT_PRODUCTS_DIR; };
		7D32BD922017085300E6DC0F /* Info.plist */ = {isa = PBXFileReference; lastKnownFileType = text.plist.xml; path = Info.plist; sourceTree = "<group>"; };
		7D32BD9C201722B300E6DC0F /* Movie.swift */ = {isa = PBXFileReference; lastKnownFileType = sourcecode.swift; path = Movie.swift; sourceTree = "<group>"; };
		7D32BDA6201727FC00E6DC0F /* SDWebImage.framework */ = {isa = PBXFileReference; lastKnownFileType = wrapper.framework; name = SDWebImage.framework; path = Carthage/Build/iOS/SDWebImage.framework; sourceTree = "<group>"; };
		7D32BDA82017280000E6DC0F /* UIScrollView_InfiniteScroll.framework */ = {isa = PBXFileReference; lastKnownFileType = wrapper.framework; name = UIScrollView_InfiniteScroll.framework; path = Carthage/Build/iOS/UIScrollView_InfiniteScroll.framework; sourceTree = "<group>"; };
		7D32BDB52017472D00E6DC0F /* SearchResponse.swift */ = {isa = PBXFileReference; lastKnownFileType = sourcecode.swift; path = SearchResponse.swift; sourceTree = "<group>"; };
		7D32BDB720174B9900E6DC0F /* SearchMoviesViewModel.swift */ = {isa = PBXFileReference; lastKnownFileType = sourcecode.swift; path = SearchMoviesViewModel.swift; sourceTree = "<group>"; };
		7D32BDBA20174D9700E6DC0F /* MovieResultCell.swift */ = {isa = PBXFileReference; lastKnownFileType = sourcecode.swift; path = MovieResultCell.swift; sourceTree = "<group>"; };
		7D32BDBC20174E2800E6DC0F /* MovieResultViewModel.swift */ = {isa = PBXFileReference; lastKnownFileType = sourcecode.swift; path = MovieResultViewModel.swift; sourceTree = "<group>"; };
		7D3566B9201F00810083F637 /* APIClient.swift */ = {isa = PBXFileReference; fileEncoding = 4; lastKnownFileType = sourcecode.swift; path = APIClient.swift; sourceTree = "<group>"; };
		7D3566BB201F01100083F637 /* URLSessionAPIClient.swift */ = {isa = PBXFileReference; lastKnownFileType = sourcecode.swift; path = URLSessionAPIClient.swift; sourceTree = "<group>"; };
		7D3566BD201F0DC90083F637 /* URL+Query.swift */ = {isa = PBXFileReference; fileEncoding = 4; lastKnownFileType = sourcecode.swift; path = "URL+Query.swift"; sourceTree = "<group>"; };
		7D3566BF201F30CD0083F637 /* Constants.swift */ = {isa = PBXFileReference; lastKnownFileType = sourcecode.swift; path = Constants.swift; sourceTree = "<group>"; };
		7D3566C4201F3B360083F637 /* DateFormatter+Formats.swift */ = {isa = PBXFileReference; lastKnownFileType = sourcecode.swift; path = "DateFormatter+Formats.swift"; sourceTree = "<group>"; };
		7D3566C6201F59B30083F637 /* SearchRequest.swift */ = {isa = PBXFileReference; lastKnownFileType = sourcecode.swift; path = SearchRequest.swift; sourceTree = "<group>"; };
		7D389EB2201889540031AF30 /* UIViewController+Alerts.swift */ = {isa = PBXFileReference; lastKnownFileType = sourcecode.swift; path = "UIViewController+Alerts.swift"; sourceTree = "<group>"; };
		7D389EB9201897A40031AF30 /* CoreDataSuggestionRepository.swift */ = {isa = PBXFileReference; lastKnownFileType = sourcecode.swift; path = CoreDataSuggestionRepository.swift; sourceTree = "<group>"; };
		7D389EBB201899590031AF30 /* CoreDataStack.swift */ = {isa = PBXFileReference; lastKnownFileType = sourcecode.swift; path = CoreDataStack.swift; sourceTree = "<group>"; };
		7D389EBE2018AB920031AF30 /* Persistence.xcdatamodel */ = {isa = PBXFileReference; lastKnownFileType = wrapper.xcdatamodel; path = Persistence.xcdatamodel; sourceTree = "<group>"; };
		7D389EC82018AC9F0031AF30 /* SuggestionEntity+CoreDataClass.swift */ = {isa = PBXFileReference; lastKnownFileType = sourcecode.swift; path = "SuggestionEntity+CoreDataClass.swift"; sourceTree = "<group>"; };
		7D389EC92018AC9F0031AF30 /* SuggestionEntity+CoreDataProperties.swift */ = {isa = PBXFileReference; lastKnownFileType = sourcecode.swift; path = "SuggestionEntity+CoreDataProperties.swift"; sourceTree = "<group>"; };
		7D389ED02018ADF20031AF30 /* Suggestion.swift */ = {isa = PBXFileReference; lastKnownFileType = sourcecode.swift; path = Suggestion.swift; sourceTree = "<group>"; };
		7D389ED82018BB350031AF30 /* NSObject+ClassName.swift */ = {isa = PBXFileReference; lastKnownFileType = sourcecode.swift; path = "NSObject+ClassName.swift"; sourceTree = "<group>"; };
		7D389EDA2018BC290031AF30 /* SuggestionRepository.swift */ = {isa = PBXFileReference; lastKnownFileType = sourcecode.swift; path = SuggestionRepository.swift; sourceTree = "<group>"; };
		7D5D2255201B0E350022DFC4 /* StubSuggestionRepository.swift */ = {isa = PBXFileReference; lastKnownFileType = sourcecode.swift; path = StubSuggestionRepository.swift; sourceTree = "<group>"; };
		7D5D225A201B10530022DFC4 /* SearchMoviesViewModelTests.swift */ = {isa = PBXFileReference; lastKnownFileType = sourcecode.swift; path = SearchMoviesViewModelTests.swift; sourceTree = "<group>"; };
		7D5D225C201B19AF0022DFC4 /* NSError+Testing.swift */ = {isa = PBXFileReference; lastKnownFileType = sourcecode.swift; path = "NSError+Testing.swift"; sourceTree = "<group>"; };
/* End PBXFileReference section */

/* Begin PBXFrameworksBuildPhase section */
		7D32BD722017085300E6DC0F /* Frameworks */ = {
			isa = PBXFrameworksBuildPhase;
			buildActionMask = 2147483647;
			files = (
				7D32BDA7201727FC00E6DC0F /* SDWebImage.framework in Frameworks */,
				7D32BDA92017280000E6DC0F /* UIScrollView_InfiniteScroll.framework in Frameworks */,
			);
			runOnlyForDeploymentPostprocessing = 0;
		};
		7D32BD892017085300E6DC0F /* Frameworks */ = {
			isa = PBXFrameworksBuildPhase;
			buildActionMask = 2147483647;
			files = (
			);
			runOnlyForDeploymentPostprocessing = 0;
		};
/* End PBXFrameworksBuildPhase section */

/* Begin PBXGroup section */
		7D2DD3E02019FF7900A23F40 /* Persistence */ = {
			isa = PBXGroup;
			children = (
				7D2DD3DB2019E33900A23F40 /* CoreDataSuggestionRepositoryTests.swift */,
				7D2DD3D92019E1CB00A23F40 /* InMemoryCoreDataStack.swift */,
				7D5D2255201B0E350022DFC4 /* StubSuggestionRepository.swift */,
			);
			path = Persistence;
			sourceTree = "<group>";
		};
		7D2DD3E1201A02C700A23F40 /* Extensions */ = {
			isa = PBXGroup;
			children = (
				7D2D0A4F2020444F0087A838 /* APIConfiguration+Testing.swift */,
				7D2DD473201A1BE500A23F40 /* Movie+Testing.swift */,
				7D5D225C201B19AF0022DFC4 /* NSError+Testing.swift */,
				7D2DD475201A1E3900A23F40 /* SearchResponse+Testing.swift */,
				7D2DD3DE2019F21900A23F40 /* Suggestion+Testing.swift */,
				7D2D0A5A2020741F0087A838 /* WebRequest+Testing.swift */,
				7D2D0A512020485B0087A838 /* WebResponse+Testing.swift */,
			);
			path = Extensions;
			sourceTree = "<group>";
		};
		7D2DD46F201A172B00A23F40 /* Network */ = {
			isa = PBXGroup;
			children = (
				7D2D0A5620205E9C0087A838 /* ParsableURLSesssionAPIClient.swift */,
				7D2D0A58202072A50087A838 /* SearchRequestTests.swift */,
				7D2D0A4B202043D20087A838 /* StubAPIClient.swift */,
			);
			path = Network;
			sourceTree = "<group>";
		};
		7D32BD6C2017085300E6DC0F = {
			isa = PBXGroup;
			children = (
				7D32BD772017085300E6DC0F /* CareemAssignment */,
				7D32BD8F2017085300E6DC0F /* CareemAssignmentTests */,
				7D32BD762017085300E6DC0F /* Products */,
				7D32BDA3201727B100E6DC0F /* Frameworks */,
			);
			sourceTree = "<group>";
		};
		7D32BD762017085300E6DC0F /* Products */ = {
			isa = PBXGroup;
			children = (
				7D32BD752017085300E6DC0F /* CareemAssignment.app */,
				7D32BD8C2017085300E6DC0F /* CareemAssignmentTests.xctest */,
			);
			name = Products;
			sourceTree = "<group>";
		};
		7D32BD772017085300E6DC0F /* CareemAssignment */ = {
			isa = PBXGroup;
			children = (
				7D389EB12018893A0031AF30 /* Extensions */,
				7D389EB82018970A0031AF30 /* Persistence */,
				7D32BDA02017257400E6DC0F /* Network */,
				7D32BD9B2017209F00E6DC0F /* Models */,
				7D32BD9E2017252C00E6DC0F /* ViewModels */,
				7D32BD9F2017253400E6DC0F /* Views */,
				7D32BD782017085300E6DC0F /* AppDelegate.swift */,
				7D3566BF201F30CD0083F637 /* Constants.swift */,
				7D32BD822017085300E6DC0F /* Assets.xcassets */,
				7D32BD842017085300E6DC0F /* LaunchScreen.storyboard */,
				7D32BD872017085300E6DC0F /* Info.plist */,
			);
			path = CareemAssignment;
			sourceTree = "<group>";
		};
		7D32BD8F2017085300E6DC0F /* CareemAssignmentTests */ = {
			isa = PBXGroup;
			children = (
				7D2DD3E1201A02C700A23F40 /* Extensions */,
				7D2DD3E02019FF7900A23F40 /* Persistence */,
				7D2DD46F201A172B00A23F40 /* Network */,
				7D5D2259201B10360022DFC4 /* ViewModels */,
				7D32BD922017085300E6DC0F /* Info.plist */,
			);
			path = CareemAssignmentTests;
			sourceTree = "<group>";
		};
		7D32BD9B2017209F00E6DC0F /* Models */ = {
			isa = PBXGroup;
			children = (
				7D32BD9C201722B300E6DC0F /* Movie.swift */,
				7D389ED02018ADF20031AF30 /* Suggestion.swift */,
			);
			path = Models;
			sourceTree = "<group>";
		};
		7D32BD9E2017252C00E6DC0F /* ViewModels */ = {
			isa = PBXGroup;
			children = (
				7D2DD3D72019C92100A23F40 /* EventObservable.swift */,
				7D32BDBC20174E2800E6DC0F /* MovieResultViewModel.swift */,
				7D32BDB720174B9900E6DC0F /* SearchMoviesViewModel.swift */,
			);
			path = ViewModels;
			sourceTree = "<group>";
		};
		7D32BD9F2017253400E6DC0F /* Views */ = {
			isa = PBXGroup;
			children = (
				7D32BDB920174D7C00E6DC0F /* Cells */,
				7D32BD7A2017085300E6DC0F /* SearchMoviesViewController.swift */,
				7D32BD7C2017085300E6DC0F /* SearchMoviesViewController.storyboard */,
			);
			path = Views;
			sourceTree = "<group>";
		};
		7D32BDA02017257400E6DC0F /* Network */ = {
			isa = PBXGroup;
			children = (
				7D3566B9201F00810083F637 /* APIClient.swift */,
				7D2D0A45202036BB0087A838 /* APIConfiguration.swift */,
				7D2D0A4720203C100087A838 /* ImageManager.swift */,
				7D3566C6201F59B30083F637 /* SearchRequest.swift */,
				7D32BDB52017472D00E6DC0F /* SearchResponse.swift */,
				7D3566BB201F01100083F637 /* URLSessionAPIClient.swift */,
			);
			path = Network;
			sourceTree = "<group>";
		};
		7D32BDA3201727B100E6DC0F /* Frameworks */ = {
			isa = PBXGroup;
			children = (
				7D32BDA6201727FC00E6DC0F /* SDWebImage.framework */,
				7D32BDA82017280000E6DC0F /* UIScrollView_InfiniteScroll.framework */,
			);
			name = Frameworks;
			sourceTree = "<group>";
		};
		7D32BDB920174D7C00E6DC0F /* Cells */ = {
			isa = PBXGroup;
			children = (
				7D32BDBA20174D9700E6DC0F /* MovieResultCell.swift */,
			);
			path = Cells;
			sourceTree = "<group>";
		};
		7D389EB12018893A0031AF30 /* Extensions */ = {
			isa = PBXGroup;
			children = (
				7D3566C4201F3B360083F637 /* DateFormatter+Formats.swift */,
				7D389ED82018BB350031AF30 /* NSObject+ClassName.swift */,
				7D389EB2201889540031AF30 /* UIViewController+Alerts.swift */,
				7D3566BD201F0DC90083F637 /* URL+Query.swift */,
			);
			path = Extensions;
			sourceTree = "<group>";
		};
		7D389EB82018970A0031AF30 /* Persistence */ = {
			isa = PBXGroup;
			children = (
				7D389EBB201899590031AF30 /* CoreDataStack.swift */,
				7D389EB9201897A40031AF30 /* CoreDataSuggestionRepository.swift */,
				7D389EBD2018AB920031AF30 /* PersistenceModel.xcdatamodeld */,
				7D389EC82018AC9F0031AF30 /* SuggestionEntity+CoreDataClass.swift */,
				7D389EC92018AC9F0031AF30 /* SuggestionEntity+CoreDataProperties.swift */,
				7D389EDA2018BC290031AF30 /* SuggestionRepository.swift */,
			);
			path = Persistence;
			sourceTree = "<group>";
		};
		7D5D2259201B10360022DFC4 /* ViewModels */ = {
			isa = PBXGroup;
			children = (
				7D5D225A201B10530022DFC4 /* SearchMoviesViewModelTests.swift */,
			);
			path = ViewModels;
			sourceTree = "<group>";
		};
/* End PBXGroup section */

/* Begin PBXNativeTarget section */
		7D32BD742017085300E6DC0F /* CareemAssignment */ = {
			isa = PBXNativeTarget;
			buildConfigurationList = 7D32BD952017085300E6DC0F /* Build configuration list for PBXNativeTarget "CareemAssignment" */;
			buildPhases = (
				7D32BD712017085300E6DC0F /* Sources */,
				7D32BD722017085300E6DC0F /* Frameworks */,
				7D32BD732017085300E6DC0F /* Resources */,
				7D32BDAA201738EA00E6DC0F /* ShellScript */,
			);
			buildRules = (
			);
			dependencies = (
			);
			name = CareemAssignment;
			productName = CareemAssignment;
			productReference = 7D32BD752017085300E6DC0F /* CareemAssignment.app */;
			productType = "com.apple.product-type.application";
		};
		7D32BD8B2017085300E6DC0F /* CareemAssignmentTests */ = {
			isa = PBXNativeTarget;
			buildConfigurationList = 7D32BD982017085300E6DC0F /* Build configuration list for PBXNativeTarget "CareemAssignmentTests" */;
			buildPhases = (
				7D32BD882017085300E6DC0F /* Sources */,
				7D32BD892017085300E6DC0F /* Frameworks */,
				7D32BD8A2017085300E6DC0F /* Resources */,
			);
			buildRules = (
			);
			dependencies = (
				7D32BD8E2017085300E6DC0F /* PBXTargetDependency */,
			);
			name = CareemAssignmentTests;
			productName = CareemAssignmentTests;
			productReference = 7D32BD8C2017085300E6DC0F /* CareemAssignmentTests.xctest */;
			productType = "com.apple.product-type.bundle.unit-test";
		};
/* End PBXNativeTarget section */

/* Begin PBXProject section */
		7D32BD6D2017085300E6DC0F /* Project object */ = {
			isa = PBXProject;
			attributes = {
				LastSwiftUpdateCheck = 0920;
				LastUpgradeCheck = 0920;
				ORGANIZATIONNAME = "Muhammad Tayyab Akram";
				TargetAttributes = {
					7D32BD742017085300E6DC0F = {
						CreatedOnToolsVersion = 9.2;
						ProvisioningStyle = Automatic;
					};
					7D32BD8B2017085300E6DC0F = {
						CreatedOnToolsVersion = 9.2;
						ProvisioningStyle = Automatic;
						TestTargetID = 7D32BD742017085300E6DC0F;
					};
				};
			};
			buildConfigurationList = 7D32BD702017085300E6DC0F /* Build configuration list for PBXProject "CareemAssignment" */;
			compatibilityVersion = "Xcode 8.0";
			developmentRegion = en;
			hasScannedForEncodings = 0;
			knownRegions = (
				en,
				Base,
			);
			mainGroup = 7D32BD6C2017085300E6DC0F;
			productRefGroup = 7D32BD762017085300E6DC0F /* Products */;
			projectDirPath = "";
			projectRoot = "";
			targets = (
				7D32BD742017085300E6DC0F /* CareemAssignment */,
				7D32BD8B2017085300E6DC0F /* CareemAssignmentTests */,
			);
		};
/* End PBXProject section */

/* Begin PBXResourcesBuildPhase section */
		7D32BD732017085300E6DC0F /* Resources */ = {
			isa = PBXResourcesBuildPhase;
			buildActionMask = 2147483647;
			files = (
				7D32BD862017085300E6DC0F /* LaunchScreen.storyboard in Resources */,
				7D32BD832017085300E6DC0F /* Assets.xcassets in Resources */,
				7D32BD7E2017085300E6DC0F /* SearchMoviesViewController.storyboard in Resources */,
			);
			runOnlyForDeploymentPostprocessing = 0;
		};
		7D32BD8A2017085300E6DC0F /* Resources */ = {
			isa = PBXResourcesBuildPhase;
			buildActionMask = 2147483647;
			files = (
			);
			runOnlyForDeploymentPostprocessing = 0;
		};
/* End PBXResourcesBuildPhase section */

/* Begin PBXShellScriptBuildPhase section */
		7D32BDAA201738EA00E6DC0F /* ShellScript */ = {
			isa = PBXShellScriptBuildPhase;
			buildActionMask = 2147483647;
			files = (
			);
			inputPaths = (
				"$(SRCROOT)/Carthage/Build/iOS/SDWebImage.framework",
				"$(SRCROOT)/Carthage/Build/iOS/UIScrollView_InfiniteScroll.framework",
			);
			outputPaths = (
			);
			runOnlyForDeploymentPostprocessing = 0;
			shellPath = /bin/sh;
			shellScript = "/usr/local/bin/carthage copy-frameworks";
		};
/* End PBXShellScriptBuildPhase section */

/* Begin PBXSourcesBuildPhase section */
		7D32BD712017085300E6DC0F /* Sources */ = {
			isa = PBXSourcesBuildPhase;
			buildActionMask = 2147483647;
			files = (
				7D32BDBD20174E2800E6DC0F /* MovieResultViewModel.swift in Sources */,
				7D32BD7B2017085300E6DC0F /* SearchMoviesViewController.swift in Sources */,
				7D389ECB2018AC9F0031AF30 /* SuggestionEntity+CoreDataProperties.swift in Sources */,
				7D32BD9D201722B300E6DC0F /* Movie.swift in Sources */,
				7D389ED12018ADF20031AF30 /* Suggestion.swift in Sources */,
				7D389EBC201899590031AF30 /* CoreDataStack.swift in Sources */,
				7D3566C0201F30CD0083F637 /* Constants.swift in Sources */,
				7D389ED92018BB350031AF30 /* NSObject+ClassName.swift in Sources */,
				7D389EB3201889540031AF30 /* UIViewController+Alerts.swift in Sources */,
				7D389EBF2018AB920031AF30 /* PersistenceModel.xcdatamodeld in Sources */,
				7D389EDB2018BC290031AF30 /* SuggestionRepository.swift in Sources */,
				7D389ECA2018AC9F0031AF30 /* SuggestionEntity+CoreDataClass.swift in Sources */,
				7D32BDB820174B9900E6DC0F /* SearchMoviesViewModel.swift in Sources */,
				7D3566C7201F59B30083F637 /* SearchRequest.swift in Sources */,
				7D32BD792017085300E6DC0F /* AppDelegate.swift in Sources */,
				7D32BDB62017472D00E6DC0F /* SearchResponse.swift in Sources */,
				7D2DD3D82019C92100A23F40 /* EventObservable.swift in Sources */,
				7D2D0A46202036BB0087A838 /* APIConfiguration.swift in Sources */,
				7D389EBA201897A40031AF30 /* CoreDataSuggestionRepository.swift in Sources */,
				7D32BDBB20174D9700E6DC0F /* MovieResultCell.swift in Sources */,
				7D3566BE201F0DC90083F637 /* URL+Query.swift in Sources */,
				7D2D0A4820203C100087A838 /* ImageManager.swift in Sources */,
				7D3566BA201F00810083F637 /* APIClient.swift in Sources */,
				7D3566BC201F01100083F637 /* URLSessionAPIClient.swift in Sources */,
				7D3566C5201F3B360083F637 /* DateFormatter+Formats.swift in Sources */,
			);
			runOnlyForDeploymentPostprocessing = 0;
		};
		7D32BD882017085300E6DC0F /* Sources */ = {
			isa = PBXSourcesBuildPhase;
			buildActionMask = 2147483647;
			files = (
				7D2D0A5B2020741F0087A838 /* WebRequest+Testing.swift in Sources */,
				7D2D0A522020485B0087A838 /* WebResponse+Testing.swift in Sources */,
				7D2DD3DC2019E33900A23F40 /* CoreDataSuggestionRepositoryTests.swift in Sources */,
				7D2D0A502020444F0087A838 /* APIConfiguration+Testing.swift in Sources */,
				7D2DD474201A1BE500A23F40 /* Movie+Testing.swift in Sources */,
				7D5D225B201B10530022DFC4 /* SearchMoviesViewModelTests.swift in Sources */,
				7D2DD476201A1E3900A23F40 /* SearchResponse+Testing.swift in Sources */,
				7D2D0A59202072A50087A838 /* SearchRequestTests.swift in Sources */,
				7D2DD3DF2019F21900A23F40 /* Suggestion+Testing.swift in Sources */,
				7D2DD3DA2019E1CB00A23F40 /* InMemoryCoreDataStack.swift in Sources */,
				7D2D0A5720205E9C0087A838 /* ParsableURLSesssionAPIClient.swift in Sources */,
				7D5D225D201B19AF0022DFC4 /* NSError+Testing.swift in Sources */,
				7D2D0A4C202043D20087A838 /* StubAPIClient.swift in Sources */,
				7D5D2256201B0E350022DFC4 /* StubSuggestionRepository.swift in Sources */,
			);
			runOnlyForDeploymentPostprocessing = 0;
		};
/* End PBXSourcesBuildPhase section */

/* Begin PBXTargetDependency section */
		7D32BD8E2017085300E6DC0F /* PBXTargetDependency */ = {
			isa = PBXTargetDependency;
			target = 7D32BD742017085300E6DC0F /* CareemAssignment */;
			targetProxy = 7D32BD8D2017085300E6DC0F /* PBXContainerItemProxy */;
		};
/* End PBXTargetDependency section */

/* Begin PBXVariantGroup section */
		7D32BD7C2017085300E6DC0F /* SearchMoviesViewController.storyboard */ = {
			isa = PBXVariantGroup;
			children = (
				7D32BD7D2017085300E6DC0F /* Base */,
			);
			name = SearchMoviesViewController.storyboard;
			sourceTree = "<group>";
		};
		7D32BD842017085300E6DC0F /* LaunchScreen.storyboard */ = {
			isa = PBXVariantGroup;
			children = (
				7D32BD852017085300E6DC0F /* Base */,
			);
			name = LaunchScreen.storyboard;
			sourceTree = "<group>";
		};
/* End PBXVariantGroup section */

/* Begin XCBuildConfiguration section */
		7D32BD932017085300E6DC0F /* Debug */ = {
			isa = XCBuildConfiguration;
			buildSettings = {
				ALWAYS_SEARCH_USER_PATHS = NO;
				CLANG_ANALYZER_NONNULL = YES;
				CLANG_ANALYZER_NUMBER_OBJECT_CONVERSION = YES_AGGRESSIVE;
				CLANG_CXX_LANGUAGE_STANDARD = "gnu++14";
				CLANG_CXX_LIBRARY = "libc++";
				CLANG_ENABLE_MODULES = YES;
				CLANG_ENABLE_OBJC_ARC = YES;
				CLANG_WARN_BLOCK_CAPTURE_AUTORELEASING = YES;
				CLANG_WARN_BOOL_CONVERSION = YES;
				CLANG_WARN_COMMA = YES;
				CLANG_WARN_CONSTANT_CONVERSION = YES;
				CLANG_WARN_DIRECT_OBJC_ISA_USAGE = YES_ERROR;
				CLANG_WARN_DOCUMENTATION_COMMENTS = YES;
				CLANG_WARN_EMPTY_BODY = YES;
				CLANG_WARN_ENUM_CONVERSION = YES;
				CLANG_WARN_INFINITE_RECURSION = YES;
				CLANG_WARN_INT_CONVERSION = YES;
				CLANG_WARN_NON_LITERAL_NULL_CONVERSION = YES;
				CLANG_WARN_OBJC_LITERAL_CONVERSION = YES;
				CLANG_WARN_OBJC_ROOT_CLASS = YES_ERROR;
				CLANG_WARN_RANGE_LOOP_ANALYSIS = YES;
				CLANG_WARN_STRICT_PROTOTYPES = YES;
				CLANG_WARN_SUSPICIOUS_MOVE = YES;
				CLANG_WARN_UNGUARDED_AVAILABILITY = YES_AGGRESSIVE;
				CLANG_WARN_UNREACHABLE_CODE = YES;
				CLANG_WARN__DUPLICATE_METHOD_MATCH = YES;
				CODE_SIGN_IDENTITY = "iPhone Developer";
				COPY_PHASE_STRIP = NO;
				DEBUG_INFORMATION_FORMAT = dwarf;
				ENABLE_STRICT_OBJC_MSGSEND = YES;
				ENABLE_TESTABILITY = YES;
				GCC_C_LANGUAGE_STANDARD = gnu11;
				GCC_DYNAMIC_NO_PIC = NO;
				GCC_NO_COMMON_BLOCKS = YES;
				GCC_OPTIMIZATION_LEVEL = 0;
				GCC_PREPROCESSOR_DEFINITIONS = (
					"DEBUG=1",
					"$(inherited)",
				);
				GCC_WARN_64_TO_32_BIT_CONVERSION = YES;
				GCC_WARN_ABOUT_RETURN_TYPE = YES_ERROR;
				GCC_WARN_UNDECLARED_SELECTOR = YES;
				GCC_WARN_UNINITIALIZED_AUTOS = YES_AGGRESSIVE;
				GCC_WARN_UNUSED_FUNCTION = YES;
				GCC_WARN_UNUSED_VARIABLE = YES;
				IPHONEOS_DEPLOYMENT_TARGET = 11.2;
				MTL_ENABLE_DEBUG_INFO = YES;
				ONLY_ACTIVE_ARCH = YES;
				SDKROOT = iphoneos;
				SWIFT_ACTIVE_COMPILATION_CONDITIONS = DEBUG;
				SWIFT_OPTIMIZATION_LEVEL = "-Onone";
			};
			name = Debug;
		};
		7D32BD942017085300E6DC0F /* Release */ = {
			isa = XCBuildConfiguration;
			buildSettings = {
				ALWAYS_SEARCH_USER_PATHS = NO;
				CLANG_ANALYZER_NONNULL = YES;
				CLANG_ANALYZER_NUMBER_OBJECT_CONVERSION = YES_AGGRESSIVE;
				CLANG_CXX_LANGUAGE_STANDARD = "gnu++14";
				CLANG_CXX_LIBRARY = "libc++";
				CLANG_ENABLE_MODULES = YES;
				CLANG_ENABLE_OBJC_ARC = YES;
				CLANG_WARN_BLOCK_CAPTURE_AUTORELEASING = YES;
				CLANG_WARN_BOOL_CONVERSION = YES;
				CLANG_WARN_COMMA = YES;
				CLANG_WARN_CONSTANT_CONVERSION = YES;
				CLANG_WARN_DIRECT_OBJC_ISA_USAGE = YES_ERROR;
				CLANG_WARN_DOCUMENTATION_COMMENTS = YES;
				CLANG_WARN_EMPTY_BODY = YES;
				CLANG_WARN_ENUM_CONVERSION = YES;
				CLANG_WARN_INFINITE_RECURSION = YES;
				CLANG_WARN_INT_CONVERSION = YES;
				CLANG_WARN_NON_LITERAL_NULL_CONVERSION = YES;
				CLANG_WARN_OBJC_LITERAL_CONVERSION = YES;
				CLANG_WARN_OBJC_ROOT_CLASS = YES_ERROR;
				CLANG_WARN_RANGE_LOOP_ANALYSIS = YES;
				CLANG_WARN_STRICT_PROTOTYPES = YES;
				CLANG_WARN_SUSPICIOUS_MOVE = YES;
				CLANG_WARN_UNGUARDED_AVAILABILITY = YES_AGGRESSIVE;
				CLANG_WARN_UNREACHABLE_CODE = YES;
				CLANG_WARN__DUPLICATE_METHOD_MATCH = YES;
				CODE_SIGN_IDENTITY = "iPhone Developer";
				COPY_PHASE_STRIP = NO;
				DEBUG_INFORMATION_FORMAT = "dwarf-with-dsym";
				ENABLE_NS_ASSERTIONS = NO;
				ENABLE_STRICT_OBJC_MSGSEND = YES;
				GCC_C_LANGUAGE_STANDARD = gnu11;
				GCC_NO_COMMON_BLOCKS = YES;
				GCC_WARN_64_TO_32_BIT_CONVERSION = YES;
				GCC_WARN_ABOUT_RETURN_TYPE = YES_ERROR;
				GCC_WARN_UNDECLARED_SELECTOR = YES;
				GCC_WARN_UNINITIALIZED_AUTOS = YES_AGGRESSIVE;
				GCC_WARN_UNUSED_FUNCTION = YES;
				GCC_WARN_UNUSED_VARIABLE = YES;
				IPHONEOS_DEPLOYMENT_TARGET = 11.2;
				MTL_ENABLE_DEBUG_INFO = NO;
				SDKROOT = iphoneos;
				SWIFT_OPTIMIZATION_LEVEL = "-Owholemodule";
				VALIDATE_PRODUCT = YES;
			};
			name = Release;
		};
		7D32BD962017085300E6DC0F /* Debug */ = {
			isa = XCBuildConfiguration;
			buildSettings = {
				ASSETCATALOG_COMPILER_APPICON_NAME = AppIcon;
				CODE_SIGN_STYLE = Automatic;
				FRAMEWORK_SEARCH_PATHS = (
					"$(inherited)",
					"$(PROJECT_DIR)/Carthage/Build/iOS",
				);
				INFOPLIST_FILE = CareemAssignment/Info.plist;
				IPHONEOS_DEPLOYMENT_TARGET = 9.0;
				LD_RUNPATH_SEARCH_PATHS = "$(inherited) @executable_path/Frameworks";
				PRODUCT_BUNDLE_IDENTIFIER = com.vend.CareemAssignment;
				PRODUCT_NAME = "$(TARGET_NAME)";
				SWIFT_VERSION = 4.0;
				TARGETED_DEVICE_FAMILY = 1;
			};
			name = Debug;
		};
		7D32BD972017085300E6DC0F /* Release */ = {
			isa = XCBuildConfiguration;
			buildSettings = {
				ASSETCATALOG_COMPILER_APPICON_NAME = AppIcon;
				CODE_SIGN_STYLE = Automatic;
				FRAMEWORK_SEARCH_PATHS = (
					"$(inherited)",
					"$(PROJECT_DIR)/Carthage/Build/iOS",
				);
				INFOPLIST_FILE = CareemAssignment/Info.plist;
				IPHONEOS_DEPLOYMENT_TARGET = 9.0;
				LD_RUNPATH_SEARCH_PATHS = "$(inherited) @executable_path/Frameworks";
				PRODUCT_BUNDLE_IDENTIFIER = com.vend.CareemAssignment;
				PRODUCT_NAME = "$(TARGET_NAME)";
				SWIFT_VERSION = 4.0;
				TARGETED_DEVICE_FAMILY = 1;
			};
			name = Release;
		};
		7D32BD992017085300E6DC0F /* Debug */ = {
			isa = XCBuildConfiguration;
			buildSettings = {
				ALWAYS_EMBED_SWIFT_STANDARD_LIBRARIES = YES;
				BUNDLE_LOADER = "$(TEST_HOST)";
				CODE_SIGN_STYLE = Automatic;
				FRAMEWORK_SEARCH_PATHS = (
					"$(inherited)",
					"$(PROJECT_DIR)/Carthage/Build/iOS",
				);
				INFOPLIST_FILE = CareemAssignmentTests/Info.plist;
				LD_RUNPATH_SEARCH_PATHS = "$(inherited) @executable_path/Frameworks @loader_path/Frameworks";
				PRODUCT_BUNDLE_IDENTIFIER = com.vend.CareemAssignmentTests;
				PRODUCT_NAME = "$(TARGET_NAME)";
				SWIFT_VERSION = 4.0;
				TARGETED_DEVICE_FAMILY = "1,2";
				TEST_HOST = "$(BUILT_PRODUCTS_DIR)/CareemAssignment.app/CareemAssignment";
			};
			name = Debug;
		};
		7D32BD9A2017085300E6DC0F /* Release */ = {
			isa = XCBuildConfiguration;
			buildSettings = {
				ALWAYS_EMBED_SWIFT_STANDARD_LIBRARIES = YES;
				BUNDLE_LOADER = "$(TEST_HOST)";
				CODE_SIGN_STYLE = Automatic;
				FRAMEWORK_SEARCH_PATHS = (
					"$(inherited)",
					"$(PROJECT_DIR)/Carthage/Build/iOS",
				);
				INFOPLIST_FILE = CareemAssignmentTests/Info.plist;
				LD_RUNPATH_SEARCH_PATHS = "$(inherited) @executable_path/Frameworks @loader_path/Frameworks";
				PRODUCT_BUNDLE_IDENTIFIER = com.vend.CareemAssignmentTests;
				PRODUCT_NAME = "$(TARGET_NAME)";
				SWIFT_VERSION = 4.0;
				TARGETED_DEVICE_FAMILY = "1,2";
				TEST_HOST = "$(BUILT_PRODUCTS_DIR)/CareemAssignment.app/CareemAssignment";
			};
			name = Release;
		};
/* End XCBuildConfiguration section */

/* Begin XCConfigurationList section */
		7D32BD702017085300E6DC0F /* Build configuration list for PBXProject "CareemAssignment" */ = {
			isa = XCConfigurationList;
			buildConfigurations = (
				7D32BD932017085300E6DC0F /* Debug */,
				7D32BD942017085300E6DC0F /* Release */,
			);
			defaultConfigurationIsVisible = 0;
			defaultConfigurationName = Release;
		};
		7D32BD952017085300E6DC0F /* Build configuration list for PBXNativeTarget "CareemAssignment" */ = {
			isa = XCConfigurationList;
			buildConfigurations = (
				7D32BD962017085300E6DC0F /* Debug */,
				7D32BD972017085300E6DC0F /* Release */,
			);
			defaultConfigurationIsVisible = 0;
			defaultConfigurationName = Release;
		};
		7D32BD982017085300E6DC0F /* Build configuration list for PBXNativeTarget "CareemAssignmentTests" */ = {
			isa = XCConfigurationList;
			buildConfigurations = (
				7D32BD992017085300E6DC0F /* Debug */,
				7D32BD9A2017085300E6DC0F /* Release */,
			);
			defaultConfigurationIsVisible = 0;
			defaultConfigurationName = Release;
		};
/* End XCConfigurationList section */

/* Begin XCVersionGroup section */
		7D389EBD2018AB920031AF30 /* PersistenceModel.xcdatamodeld */ = {
			isa = XCVersionGroup;
			children = (
				7D389EBE2018AB920031AF30 /* Persistence.xcdatamodel */,
			);
			currentVersion = 7D389EBE2018AB920031AF30 /* Persistence.xcdatamodel */;
			path = PersistenceModel.xcdatamodeld;
			sourceTree = "<group>";
			versionGroupType = wrapper.xcdatamodel;
		};
/* End XCVersionGroup section */
	};
	rootObject = 7D32BD6D2017085300E6DC0F /* Project object */;
}
